{
  "name": "mzimin.github.io",
  "lockfileVersion": 3,
  "requires": true,
  "packages": {
    "": {
      "dependencies": {
        "@zakj/no-sleep": "^0.13.5",
        "nosleep.js": "^0.12.0"
      }
    },
    "node_modules/@zakj/no-sleep": {
      "version": "0.13.5",
      "resolved": "https://registry.npmjs.org/@zakj/no-sleep/-/no-sleep-0.13.5.tgz",
      "integrity": "sha512-FrvR/bWkyl7qXxJuxikLRcHbBiE8YJrsITW02PPTcpy8PsyRw+VoDmmK0YUwS81hyT0gvWDspC1wgWsxUJ1BBQ=="
    },
    "node_modules/nosleep.js": {
      "version": "0.12.0",
      "resolved": "https://registry.npmjs.org/nosleep.js/-/nosleep.js-0.12.0.tgz",
      "integrity": "sha512-9d1HbpKLh3sdWlhXMhU6MMH+wQzKkrgfRkYV0EBdvt99YJfj0ilCJrWRDYG2130Tm4GXbEoTCx5b34JSaP+HhA=="
    }
  }
}
